
Microsoft Visual Studio Solution File, Format Version 12.00
# Visual Studio Version 17
VisualStudioVersion = 17.4.33103.184
MinimumVisualStudioVersion = 10.0.40219.1
Project("{9A19103F-16F7-4668-BE54-9A1E7A4F7556}") = "WebApiObservability", "WebApiObservability\WebApiObservability.csproj", "{66B334F3-B0DC-4DEA-BF83-4F2975D079F6}"
EndProject
Project("{9A19103F-16F7-4668-BE54-9A1E7A4F7556}") = "WatchDogWeb", "WatchDogWeb\WatchDogWeb.csproj", "{95FC8191-C472-42EA-9A44-FE4FB0B4B250}"
EndProject
Project("{9A19103F-16F7-4668-BE54-9A1E7A4F7556}") = "WebApiAppInsights", "WebApiAppInsights\WebApiAppInsights.csproj", "{DF395DE9-7676-4F3C-A387-7763AF5AC35F}"
EndProject
Project("{2150E333-8FDC-42A3-9474-1A3956D46DE8}") = "Solution Items", "Solution Items", "{5D77087A-03CF-407B-BAF9-A9811F3A207A}"
	ProjectSection(SolutionItems) = preProject
		Readme.md = Readme.md
	EndProjectSection
EndProject
Global
	GlobalSection(SolutionConfigurationPlatforms) = preSolution
		Debug|Any CPU = Debug|Any CPU
		Release|Any CPU = Release|Any CPU
	EndGlobalSection
	GlobalSection(ProjectConfigurationPlatforms) = postSolution
		{66B334F3-B0DC-4DEA-BF83-4F2975D079F6}.Debug|Any CPU.ActiveCfg = Debug|Any CPU
		{66B334F3-B0DC-4DEA-BF83-4F2975D079F6}.Debug|Any CPU.Build.0 = Debug|Any CPU
		{66B334F3-B0DC-4DEA-BF83-4F2975D079F6}.Release|Any CPU.ActiveCfg = Release|Any CPU
		{66B334F3-B0DC-4DEA-BF83-4F2975D079F6}.Release|Any CPU.Build.0 = Release|Any CPU
		{95FC8191-C472-42EA-9A44-FE4FB0B4B250}.Debug|Any CPU.ActiveCfg = Debug|Any CPU
		{95FC8191-C472-42EA-9A44-FE4FB0B4B250}.Debug|Any CPU.Build.0 = Debug|Any CPU
		{95FC8191-C472-42EA-9A44-FE4FB0B4B250}.Release|Any CPU.ActiveCfg = Release|Any CPU
		{95FC8191-C472-42EA-9A44-FE4FB0B4B250}.Release|Any CPU.Build.0 = Release|Any CPU
		{DF395DE9-7676-4F3C-A387-7763AF5AC35F}.Debug|Any CPU.ActiveCfg = Debug|Any CPU
		{DF395DE9-7676-4F3C-A387-7763AF5AC35F}.Debug|Any CPU.Build.0 = Debug|Any CPU
		{DF395DE9-7676-4F3C-A387-7763AF5AC35F}.Release|Any CPU.ActiveCfg = Release|Any CPU
		{DF395DE9-7676-4F3C-A387-7763AF5AC35F}.Release|Any CPU.Build.0 = Release|Any CPU
	EndGlobalSection
	GlobalSection(SolutionProperties) = preSolution
		HideSolutionNode = FALSE
	EndGlobalSection
	GlobalSection(ExtensibilityGlobals) = postSolution
		SolutionGuid = {772EA790-0641-45D1-B705-ADFDA4979133}
	EndGlobalSection
EndGlobal
